
Microsoft Visual Studio Solution File, Format Version 11.00
# Visual Studio 2010
Project("{FAE04EC0-301F-11D3-BF4B-00C04F79EFBC}") = "VuforiaScripts", "VuforiaScripts.csproj", "{53952881-0585-F384-8FB8-6E7E33247B19}"
EndProject
Project("{FAE04EC0-301F-11D3-BF4B-00C04F79EFBC}") = "Assembly-CSharp", "Assembly-CSharp.csproj", "{26C64B92-8522-126F-ED79-952CA405F201}"
EndProject
Project("{FAE04EC0-301F-11D3-BF4B-00C04F79EFBC}") = "Assembly-CSharp-Editor", "Assembly-CSharp-Editor.csproj", "{5DB97688-3445-8619-EC72-0DC536E148CD}"
EndProject
Project("{FAE04EC0-301F-11D3-BF4B-00C04F79EFBC}") = "VuforiaEditorScripts", "VuforiaEditorScripts.csproj", "{895C5C06-3F89-AC75-D40C-159DE2B889EF}"
EndProject
Global
	GlobalSection(SolutionConfigurationPlatforms) = preSolution
		Debug|Any CPU = Debug|Any CPU
		Release|Any CPU = Release|Any CPU
	EndGlobalSection
	GlobalSection(ProjectConfigurationPlatforms) = postSolution
		{53952881-0585-F384-8FB8-6E7E33247B19}.Debug|Any CPU.ActiveCfg = Debug|Any CPU
		{53952881-0585-F384-8FB8-6E7E33247B19}.Debug|Any CPU.Build.0 = Debug|Any CPU
		{53952881-0585-F384-8FB8-6E7E33247B19}.Release|Any CPU.ActiveCfg = Release|Any CPU
		{53952881-0585-F384-8FB8-6E7E33247B19}.Release|Any CPU.Build.0 = Release|Any CPU
		{26C64B92-8522-126F-ED79-952CA405F201}.Debug|Any CPU.ActiveCfg = Debug|Any CPU
		{26C64B92-8522-126F-ED79-952CA405F201}.Debug|Any CPU.Build.0 = Debug|Any CPU
		{26C64B92-8522-126F-ED79-952CA405F201}.Release|Any CPU.ActiveCfg = Release|Any CPU
		{26C64B92-8522-126F-ED79-952CA405F201}.Release|Any CPU.Build.0 = Release|Any CPU
		{5DB97688-3445-8619-EC72-0DC536E148CD}.Debug|Any CPU.ActiveCfg = Debug|Any CPU
		{5DB97688-3445-8619-EC72-0DC536E148CD}.Debug|Any CPU.Build.0 = Debug|Any CPU
		{5DB97688-3445-8619-EC72-0DC536E148CD}.Release|Any CPU.ActiveCfg = Release|Any CPU
		{5DB97688-3445-8619-EC72-0DC536E148CD}.Release|Any CPU.Build.0 = Release|Any CPU
		{895C5C06-3F89-AC75-D40C-159DE2B889EF}.Debug|Any CPU.ActiveCfg = Debug|Any CPU
		{895C5C06-3F89-AC75-D40C-159DE2B889EF}.Debug|Any CPU.Build.0 = Debug|Any CPU
		{895C5C06-3F89-AC75-D40C-159DE2B889EF}.Release|Any CPU.ActiveCfg = Release|Any CPU
		{895C5C06-3F89-AC75-D40C-159DE2B889EF}.Release|Any CPU.Build.0 = Release|Any CPU
	EndGlobalSection
	GlobalSection(SolutionProperties) = preSolution
		HideSolutionNode = FALSE
	EndGlobalSection
	GlobalSection(MonoDevelopProperties) = preSolution
		StartupItem = Assembly-CSharp.csproj
	EndGlobalSection
EndGlobal
